
Microsoft Visual Studio Solution File, Format Version 12.00
# Visual Studio Version 17
VisualStudioVersion = 17.10.35013.160
MinimumVisualStudioVersion = 10.0.40219.1
Project("{FAE04EC0-301F-11D3-BF4B-00C04F79EFBC}") = "DIGIFNB_BackEnd_API", "DIGIFNB_BackEnd_API\DIGIFNB_BackEnd_API.csproj", "{24FB2457-B48B-463C-8974-A897CD8AD5BA}"
EndProject
Global
	GlobalSection(SolutionConfigurationPlatforms) = preSolution
		Debug|Any CPU = Debug|Any CPU
		Release|Any CPU = Release|Any CPU
	EndGlobalSection
	GlobalSection(ProjectConfigurationPlatforms) = postSolution
		{24FB2457-B48B-463C-8974-A897CD8AD5BA}.Debug|Any CPU.ActiveCfg = Debug|Any CPU
		{24FB2457-B48B-463C-8974-A897CD8AD5BA}.Debug|Any CPU.Build.0 = Debug|Any CPU
		{24FB2457-B48B-463C-8974-A897CD8AD5BA}.Release|Any CPU.ActiveCfg = Release|Any CPU
		{24FB2457-B48B-463C-8974-A897CD8AD5BA}.Release|Any CPU.Build.0 = Release|Any CPU
	EndGlobalSection
	GlobalSection(SolutionProperties) = preSolution
		HideSolutionNode = FALSE
	EndGlobalSection
	GlobalSection(ExtensibilityGlobals) = postSolution
		SolutionGuid = {BB282824-CD4C-4470-A847-51C0C7E8BF32}
	EndGlobalSection
EndGlobal
